// !$*UTF8*$!
{
	archiveVersion = 1;
	classes = {
	};
	objectVersion = 50;
	objects = {

/* Begin PBXBuildFile section */
		97046F2026CE16C3008C40A1 /* AppDelegate.swift in Sources */ = {isa = PBXBuildFile; fileRef = 97046F1F26CE16C3008C40A1 /* AppDelegate.swift */; };
		97046F2226CE16C3008C40A1 /* ViewController.swift in Sources */ = {isa = PBXBuildFile; fileRef = 97046F2126CE16C3008C40A1 /* ViewController.swift */; };
		97046F2426CE16C4008C40A1 /* Assets.xcassets in Resources */ = {isa = PBXBuildFile; fileRef = 97046F2326CE16C4008C40A1 /* Assets.xcassets */; };
		97046F2726CE16C4008C40A1 /* Main.storyboard in Resources */ = {isa = PBXBuildFile; fileRef = 97046F2526CE16C4008C40A1 /* Main.storyboard */; };
		97046F3326CE16C4008C40A1 /* TweetTests.swift in Sources */ = {isa = PBXBuildFile; fileRef = 97046F3226CE16C4008C40A1 /* TweetTests.swift */; };
		97046F3E26CE16C4008C40A1 /* TweetUITests.swift in Sources */ = {isa = PBXBuildFile; fileRef = 97046F3D26CE16C4008C40A1 /* TweetUITests.swift */; };
/* End PBXBuildFile section */

/* Begin PBXContainerItemProxy section */
		97046F2F26CE16C4008C40A1 /* PBXContainerItemProxy */ = {
			isa = PBXContainerItemProxy;
			containerPortal = 97046F1426CE16C2008C40A1 /* Project object */;
			proxyType = 1;
			remoteGlobalIDString = 97046F1B26CE16C2008C40A1;
			remoteInfo = Tweet;
		};
		97046F3A26CE16C4008C40A1 /* PBXContainerItemProxy */ = {
			isa = PBXContainerItemProxy;
			containerPortal = 97046F1426CE16C2008C40A1 /* Project object */;
			proxyType = 1;
			remoteGlobalIDString = 97046F1B26CE16C2008C40A1;
			remoteInfo = Tweet;
		};
/* End PBXContainerItemProxy section */

/* Begin PBXFileReference section */
		97046F1C26CE16C3008C40A1 /* Tweet.app */ = {isa = PBXFileReference; explicitFileType = wrapper.application; includeInIndex = 0; path = Tweet.app; sourceTree = BUILT_PRODUCTS_DIR; };
		97046F1F26CE16C3008C40A1 /* AppDelegate.swift */ = {isa = PBXFileReference; lastKnownFileType = sourcecode.swift; path = AppDelegate.swift; sourceTree = "<group>"; };
		97046F2126CE16C3008C40A1 /* ViewController.swift */ = {isa = PBXFileReference; lastKnownFileType = sourcecode.swift; path = ViewController.swift; sourceTree = "<group>"; };
		97046F2326CE16C4008C40A1 /* Assets.xcassets */ = {isa = PBXFileReference; lastKnownFileType = folder.assetcatalog; path = Assets.xcassets; sourceTree = "<group>"; };
		97046F2626CE16C4008C40A1 /* Base */ = {isa = PBXFileReference; lastKnownFileType = file.storyboard; name = Base; path = Base.lproj/Main.storyboard; sourceTree = "<group>"; };
		97046F2826CE16C4008C40A1 /* Info.plist */ = {isa = PBXFileReference; lastKnownFileType = text.plist.xml; path = Info.plist; sourceTree = "<group>"; };
		97046F2926CE16C4008C40A1 /* Tweet.entitlements */ = {isa = PBXFileReference; lastKnownFileType = text.plist.entitlements; path = Tweet.entitlements; sourceTree = "<group>"; };
		97046F2E26CE16C4008C40A1 /* TweetTests.xctest */ = {isa = PBXFileReference; explicitFileType = wrapper.cfbundle; includeInIndex = 0; path = TweetTests.xctest; sourceTree = BUILT_PRODUCTS_DIR; };
		97046F3226CE16C4008C40A1 /* TweetTests.swift */ = {isa = PBXFileReference; lastKnownFileType = sourcecode.swift; path = TweetTests.swift; sourceTree = "<group>"; };
		97046F3426CE16C4008C40A1 /* Info.plist */ = {isa = PBXFileReference; lastKnownFileType = text.plist.xml; path = Info.plist; sourceTree = "<group>"; };
		97046F3926CE16C4008C40A1 /* TweetUITests.xctest */ = {isa = PBXFileReference; explicitFileType = wrapper.cfbundle; includeInIndex = 0; path = TweetUITests.xctest; sourceTree = BUILT_PRODUCTS_DIR; };
		97046F3D26CE16C4008C40A1 /* TweetUITests.swift */ = {isa = PBXFileReference; lastKnownFileType = sourcecode.swift; path = TweetUITests.swift; sourceTree = "<group>"; };
		97046F3F26CE16C4008C40A1 /* Info.plist */ = {isa = PBXFileReference; lastKnownFileType = text.plist.xml; path = Info.plist; sourceTree = "<group>"; };
/* End PBXFileReference section */

/* Begin PBXFrameworksBuildPhase section */
		97046F1926CE16C2008C40A1 /* Frameworks */ = {
			isa = PBXFrameworksBuildPhase;
			buildActionMask = 2147483647;
			files = (
			);
			runOnlyForDeploymentPostprocessing = 0;
		};
		97046F2B26CE16C4008C40A1 /* Frameworks */ = {
			isa = PBXFrameworksBuildPhase;
			buildActionMask = 2147483647;
			files = (
			);
			runOnlyForDeploymentPostprocessing = 0;
		};
		97046F3626CE16C4008C40A1 /* Frameworks */ = {
			isa = PBXFrameworksBuildPhase;
			buildActionMask = 2147483647;
			files = (
			);
			runOnlyForDeploymentPostprocessing = 0;
		};
/* End PBXFrameworksBuildPhase section */

/* Begin PBXGroup section */
		97046F1326CE16C2008C40A1 = {
			isa = PBXGroup;
			children = (
				97046F1E26CE16C3008C40A1 /* Tweet */,
				97046F3126CE16C4008C40A1 /* TweetTests */,
				97046F3C26CE16C4008C40A1 /* TweetUITests */,
				97046F1D26CE16C3008C40A1 /* Products */,
			);
			sourceTree = "<group>";
		};
		97046F1D26CE16C3008C40A1 /* Products */ = {
			isa = PBXGroup;
			children = (
				97046F1C26CE16C3008C40A1 /* Tweet.app */,
				97046F2E26CE16C4008C40A1 /* TweetTests.xctest */,
				97046F3926CE16C4008C40A1 /* TweetUITests.xctest */,
			);
			name = Products;
			sourceTree = "<group>";
		};
		97046F1E26CE16C3008C40A1 /* Tweet */ = {
			isa = PBXGroup;
			children = (
				97046F1F26CE16C3008C40A1 /* AppDelegate.swift */,
				97046F2126CE16C3008C40A1 /* ViewController.swift */,
				97046F2326CE16C4008C40A1 /* Assets.xcassets */,
				97046F2526CE16C4008C40A1 /* Main.storyboard */,
				97046F2826CE16C4008C40A1 /* Info.plist */,
				97046F2926CE16C4008C40A1 /* Tweet.entitlements */,
			);
			path = Tweet;
			sourceTree = "<group>";
		};
		97046F3126CE16C4008C40A1 /* TweetTests */ = {
			isa = PBXGroup;
			children = (
				97046F3226CE16C4008C40A1 /* TweetTests.swift */,
				97046F3426CE16C4008C40A1 /* Info.plist */,
			);
			path = TweetTests;
			sourceTree = "<group>";
		};
		97046F3C26CE16C4008C40A1 /* TweetUITests */ = {
			isa = PBXGroup;
			children = (
				97046F3D26CE16C4008C40A1 /* TweetUITests.swift */,
				97046F3F26CE16C4008C40A1 /* Info.plist */,
			);
			path = TweetUITests;
			sourceTree = "<group>";
		};
/* End PBXGroup section */

/* Begin PBXNativeTarget section */
		97046F1B26CE16C2008C40A1 /* Tweet */ = {
			isa = PBXNativeTarget;
			buildConfigurationList = 97046F4226CE16C4008C40A1 /* Build configuration list for PBXNativeTarget "Tweet" */;
			buildPhases = (
				97046F1826CE16C2008C40A1 /* Sources */,
				97046F1926CE16C2008C40A1 /* Frameworks */,
				97046F1A26CE16C2008C40A1 /* Resources */,
			);
			buildRules = (
			);
			dependencies = (
			);
			name = Tweet;
			productName = Tweet;
			productReference = 97046F1C26CE16C3008C40A1 /* Tweet.app */;
			productType = "com.apple.product-type.application";
		};
		97046F2D26CE16C4008C40A1 /* TweetTests */ = {
			isa = PBXNativeTarget;
			buildConfigurationList = 97046F4526CE16C4008C40A1 /* Build configuration list for PBXNativeTarget "TweetTests" */;
			buildPhases = (
				97046F2A26CE16C4008C40A1 /* Sources */,
				97046F2B26CE16C4008C40A1 /* Frameworks */,
				97046F2C26CE16C4008C40A1 /* Resources */,
			);
			buildRules = (
			);
			dependencies = (
				97046F3026CE16C4008C40A1 /* PBXTargetDependency */,
			);
			name = TweetTests;
			productName = TweetTests;
			productReference = 97046F2E26CE16C4008C40A1 /* TweetTests.xctest */;
			productType = "com.apple.product-type.bundle.unit-test";
		};
		97046F3826CE16C4008C40A1 /* TweetUITests */ = {
			isa = PBXNativeTarget;
			buildConfigurationList = 97046F4826CE16C4008C40A1 /* Build configuration list for PBXNativeTarget "TweetUITests" */;
			buildPhases = (
				97046F3526CE16C4008C40A1 /* Sources */,
				97046F3626CE16C4008C40A1 /* Frameworks */,
				97046F3726CE16C4008C40A1 /* Resources */,
			);
			buildRules = (
			);
			dependencies = (
				97046F3B26CE16C4008C40A1 /* PBXTargetDependency */,
			);
			name = TweetUITests;
			productName = TweetUITests;
			productReference = 97046F3926CE16C4008C40A1 /* TweetUITests.xctest */;
			productType = "com.apple.product-type.bundle.ui-testing";
		};
/* End PBXNativeTarget section */

/* Begin PBXProject section */
		97046F1426CE16C2008C40A1 /* Project object */ = {
			isa = PBXProject;
			attributes = {
				LastSwiftUpdateCheck = 1250;
				LastUpgradeCheck = 1250;
				TargetAttributes = {
					97046F1B26CE16C2008C40A1 = {
						CreatedOnToolsVersion = 12.5.1;
					};
					97046F2D26CE16C4008C40A1 = {
						CreatedOnToolsVersion = 12.5.1;
						TestTargetID = 97046F1B26CE16C2008C40A1;
					};
					97046F3826CE16C4008C40A1 = {
						CreatedOnToolsVersion = 12.5.1;
						TestTargetID = 97046F1B26CE16C2008C40A1;
					};
				};
			};
			buildConfigurationList = 97046F1726CE16C2008C40A1 /* Build configuration list for PBXProject "Tweet" */;
			compatibilityVersion = "Xcode 9.3";
			developmentRegion = en;
			hasScannedForEncodings = 0;
			knownRegions = (
				en,
				Base,
			);
			mainGroup = 97046F1326CE16C2008C40A1;
			productRefGroup = 97046F1D26CE16C3008C40A1 /* Products */;
			projectDirPath = "";
			projectRoot = "";
			targets = (
				97046F1B26CE16C2008C40A1 /* Tweet */,
				97046F2D26CE16C4008C40A1 /* TweetTests */,
				97046F3826CE16C4008C40A1 /* TweetUITests */,
			);
		};
/* End PBXProject section */

/* Begin PBXResourcesBuildPhase section */
		97046F1A26CE16C2008C40A1 /* Resources */ = {
			isa = PBXResourcesBuildPhase;
			buildActionMask = 2147483647;
			files = (
				97046F2426CE16C4008C40A1 /* Assets.xcassets in Resources */,
				97046F2726CE16C4008C40A1 /* Main.storyboard in Resources */,
			);
			runOnlyForDeploymentPostprocessing = 0;
		};
		97046F2C26CE16C4008C40A1 /* Resources */ = {
			isa = PBXResourcesBuildPhase;
			buildActionMask = 2147483647;
			files = (
			);
			runOnlyForDeploymentPostprocessing = 0;
		};
		97046F3726CE16C4008C40A1 /* Resources */ = {
			isa = PBXResourcesBuildPhase;
			buildActionMask = 2147483647;
			files = (
			);
			runOnlyForDeploymentPostprocessing = 0;
		};
/* End PBXResourcesBuildPhase section */

/* Begin PBXSourcesBuildPhase section */
		97046F1826CE16C2008C40A1 /* Sources */ = {
			isa = PBXSourcesBuildPhase;
			buildActionMask = 2147483647;
			files = (
				97046F2226CE16C3008C40A1 /* ViewController.swift in Sources */,
				97046F2026CE16C3008C40A1 /* AppDelegate.swift in Sources */,
			);
			runOnlyForDeploymentPostprocessing = 0;
		};
		97046F2A26CE16C4008C40A1 /* Sources */ = {
			isa = PBXSourcesBuildPhase;
			buildActionMask = 2147483647;
			files = (
				97046F3326CE16C4008C40A1 /* TweetTests.swift in Sources */,
			);
			runOnlyForDeploymentPostprocessing = 0;
		};
		97046F3526CE16C4008C40A1 /* Sources */ = {
			isa = PBXSourcesBuildPhase;
			buildActionMask = 2147483647;
			files = (
				97046F3E26CE16C4008C40A1 /* TweetUITests.swift in Sources */,
			);
			runOnlyForDeploymentPostprocessing = 0;
		};
/* End PBXSourcesBuildPhase section */

/* Begin PBXTargetDependency section */
		97046F3026CE16C4008C40A1 /* PBXTargetDependency */ = {
			isa = PBXTargetDependency;
			target = 97046F1B26CE16C2008C40A1 /* Tweet */;
			targetProxy = 97046F2F26CE16C4008C40A1 /* PBXContainerItemProxy */;
		};
		97046F3B26CE16C4008C40A1 /* PBXTargetDependency */ = {
			isa = PBXTargetDependency;
			target = 97046F1B26CE16C2008C40A1 /* Tweet */;
			targetProxy = 97046F3A26CE16C4008C40A1 /* PBXContainerItemProxy */;
		};
/* End PBXTargetDependency section */

/* Begin PBXVariantGroup section */
		97046F2526CE16C4008C40A1 /* Main.storyboard */ = {
			isa = PBXVariantGroup;
			children = (
				97046F2626CE16C4008C40A1 /* Base */,
			);
			name = Main.storyboard;
			sourceTree = "<group>";
		};
/* End PBXVariantGroup section */

/* Begin XCBuildConfiguration section */
		97046F4026CE16C4008C40A1 /* Debug */ = {
			isa = XCBuildConfiguration;
			buildSettings = {
				ALWAYS_SEARCH_USER_PATHS = NO;
				CLANG_ANALYZER_NONNULL = YES;
				CLANG_ANALYZER_NUMBER_OBJECT_CONVERSION = YES_AGGRESSIVE;
				CLANG_CXX_LANGUAGE_STANDARD = "gnu++14";
				CLANG_CXX_LIBRARY = "libc++";
				CLANG_ENABLE_MODULES = YES;
				CLANG_ENABLE_OBJC_ARC = YES;
				CLANG_ENABLE_OBJC_WEAK = YES;
				CLANG_WARN_BLOCK_CAPTURE_AUTORELEASING = YES;
				CLANG_WARN_BOOL_CONVERSION = YES;
				CLANG_WARN_COMMA = YES;
				CLANG_WARN_CONSTANT_CONVERSION = YES;
				CLANG_WARN_DEPRECATED_OBJC_IMPLEMENTATIONS = YES;
				CLANG_WARN_DIRECT_OBJC_ISA_USAGE = YES_ERROR;
				CLANG_WARN_DOCUMENTATION_COMMENTS = YES;
				CLANG_WARN_EMPTY_BODY = YES;
				CLANG_WARN_ENUM_CONVERSION = YES;
				CLANG_WARN_INFINITE_RECURSION = YES;
				CLANG_WARN_INT_CONVERSION = YES;
				CLANG_WARN_NON_LITERAL_NULL_CONVERSION = YES;
				CLANG_WARN_OBJC_IMPLICIT_RETAIN_SELF = YES;
				CLANG_WARN_OBJC_LITERAL_CONVERSION = YES;
				CLANG_WARN_OBJC_ROOT_CLASS = YES_ERROR;
				CLANG_WARN_QUOTED_INCLUDE_IN_FRAMEWORK_HEADER = YES;
				CLANG_WARN_RANGE_LOOP_ANALYSIS = YES;
				CLANG_WARN_STRICT_PROTOTYPES = YES;
				CLANG_WARN_SUSPICIOUS_MOVE = YES;
				CLANG_WARN_UNGUARDED_AVAILABILITY = YES_AGGRESSIVE;
				CLANG_WARN_UNREACHABLE_CODE = YES;
				CLANG_WARN__DUPLICATE_METHOD_MATCH = YES;
				COPY_PHASE_STRIP = NO;
				DEBUG_INFORMATION_FORMAT = dwarf;
				ENABLE_STRICT_OBJC_MSGSEND = YES;
				ENABLE_TESTABILITY = YES;
				GCC_C_LANGUAGE_STANDARD = gnu11;
				GCC_DYNAMIC_NO_PIC = NO;
				GCC_NO_COMMON_BLOCKS = YES;
				GCC_OPTIMIZATION_LEVEL = 0;
				GCC_PREPROCESSOR_DEFINITIONS = (
					"DEBUG=1",
					"$(inherited)",
				);
				GCC_WARN_64_TO_32_BIT_CONVERSION = YES;
				GCC_WARN_ABOUT_RETURN_TYPE = YES_ERROR;
				GCC_WARN_UNDECLARED_SELECTOR = YES;
				GCC_WARN_UNINITIALIZED_AUTOS = YES_AGGRESSIVE;
				GCC_WARN_UNUSED_FUNCTION = YES;
				GCC_WARN_UNUSED_VARIABLE = YES;
				MACOSX_DEPLOYMENT_TARGET = 11.3;
				MTL_ENABLE_DEBUG_INFO = INCLUDE_SOURCE;
				MTL_FAST_MATH = YES;
				ONLY_ACTIVE_ARCH = YES;
				SDKROOT = macosx;
				SWIFT_ACTIVE_COMPILATION_CONDITIONS = DEBUG;
				SWIFT_OPTIMIZATION_LEVEL = "-Onone";
			};
			name = Debug;
		};
		97046F4126CE16C4008C40A1 /* Release */ = {
			isa = XCBuildConfiguration;
			buildSettings = {
				ALWAYS_SEARCH_USER_PATHS = NO;
				CLANG_ANALYZER_NONNULL = YES;
				CLANG_ANALYZER_NUMBER_OBJECT_CONVERSION = YES_AGGRESSIVE;
				CLANG_CXX_LANGUAGE_STANDARD = "gnu++14";
				CLANG_CXX_LIBRARY = "libc++";
				CLANG_ENABLE_MODULES = YES;
				CLANG_ENABLE_OBJC_ARC = YES;
				CLANG_ENABLE_OBJC_WEAK = YES;
				CLANG_WARN_BLOCK_CAPTURE_AUTORELEASING = YES;
				CLANG_WARN_BOOL_CONVERSION = YES;
				CLANG_WARN_COMMA = YES;
				CLANG_WARN_CONSTANT_CONVERSION = YES;
				CLANG_WARN_DEPRECATED_OBJC_IMPLEMENTATIONS = YES;
				CLANG_WARN_DIRECT_OBJC_ISA_USAGE = YES_ERROR;
				CLANG_WARN_DOCUMENTATION_COMMENTS = YES;
				CLANG_WARN_EMPTY_BODY = YES;
				CLANG_WARN_ENUM_CONVERSION = YES;
				CLANG_WARN_INFINITE_RECURSION = YES;
				CLANG_WARN_INT_CONVERSION = YES;
				CLANG_WARN_NON_LITERAL_NULL_CONVERSION = YES;
				CLANG_WARN_OBJC_IMPLICIT_RETAIN_SELF = YES;
				CLANG_WARN_OBJC_LITERAL_CONVERSION = YES;
				CLANG_WARN_OBJC_ROOT_CLASS = YES_ERROR;
				CLANG_WARN_QUOTED_INCLUDE_IN_FRAMEWORK_HEADER = YES;
				CLANG_WARN_RANGE_LOOP_ANALYSIS = YES;
				CLANG_WARN_STRICT_PROTOTYPES = YES;
				CLANG_WARN_SUSPICIOUS_MOVE = YES;
				CLANG_WARN_UNGUARDED_AVAILABILITY = YES_AGGRESSIVE;
				CLANG_WARN_UNREACHABLE_CODE = YES;
				CLANG_WARN__DUPLICATE_METHOD_MATCH = YES;
				COPY_PHASE_STRIP = NO;
				DEBUG_INFORMATION_FORMAT = "dwarf-with-dsym";
				ENABLE_NS_ASSERTIONS = NO;
				ENABLE_STRICT_OBJC_MSGSEND = YES;
				GCC_C_LANGUAGE_STANDARD = gnu11;
				GCC_NO_COMMON_BLOCKS = YES;
				GCC_WARN_64_TO_32_BIT_CONVERSION = YES;
				GCC_WARN_ABOUT_RETURN_TYPE = YES_ERROR;
				GCC_WARN_UNDECLARED_SELECTOR = YES;
				GCC_WARN_UNINITIALIZED_AUTOS = YES_AGGRESSIVE;
				GCC_WARN_UNUSED_FUNCTION = YES;
				GCC_WARN_UNUSED_VARIABLE = YES;
				MACOSX_DEPLOYMENT_TARGET = 11.3;
				MTL_ENABLE_DEBUG_INFO = NO;
				MTL_FAST_MATH = YES;
				SDKROOT = macosx;
				SWIFT_COMPILATION_MODE = wholemodule;
				SWIFT_OPTIMIZATION_LEVEL = "-O";
			};
			name = Release;
		};
		97046F4326CE16C4008C40A1 /* Debug */ = {
			isa = XCBuildConfiguration;
			buildSettings = {
				ASSETCATALOG_COMPILER_APPICON_NAME = AppIcon;
				ASSETCATALOG_COMPILER_GLOBAL_ACCENT_COLOR_NAME = AccentColor;
				CODE_SIGN_ENTITLEMENTS = Tweet/Tweet.entitlements;
				CODE_SIGN_STYLE = Automatic;
				COMBINE_HIDPI_IMAGES = YES;
				DEVELOPMENT_TEAM = 997PEV296P;
				ENABLE_HARDENED_RUNTIME = YES;
				INFOPLIST_FILE = Tweet/Info.plist;
				LD_RUNPATH_SEARCH_PATHS = (
					"$(inherited)",
					"@executable_path/../Frameworks",
				);
				PRODUCT_BUNDLE_IDENTIFIER = Sora.Tweet;
				PRODUCT_NAME = "$(TARGET_NAME)";
				SWIFT_VERSION = 5.0;
			};
			name = Debug;
		};
		97046F4426CE16C4008C40A1 /* Release */ = {
			isa = XCBuildConfiguration;
			buildSettings = {
				ASSETCATALOG_COMPILER_APPICON_NAME = AppIcon;
				ASSETCATALOG_COMPILER_GLOBAL_ACCENT_COLOR_NAME = AccentColor;
				CODE_SIGN_ENTITLEMENTS = Tweet/Tweet.entitlements;
				CODE_SIGN_STYLE = Automatic;
				COMBINE_HIDPI_IMAGES = YES;
				DEVELOPMENT_TEAM = 997PEV296P;
				ENABLE_HARDENED_RUNTIME = YES;
				INFOPLIST_FILE = Tweet/Info.plist;
				LD_RUNPATH_SEARCH_PATHS = (
					"$(inherited)",
					"@executable_path/../Frameworks",
				);
				PRODUCT_BUNDLE_IDENTIFIER = Sora.Tweet;
				PRODUCT_NAME = "$(TARGET_NAME)";
				SWIFT_VERSION = 5.0;
			};
			name = Release;
		};
		97046F4626CE16C4008C40A1 /* Debug */ = {
			isa = XCBuildConfiguration;
			buildSettings = {
				ALWAYS_EMBED_SWIFT_STANDARD_LIBRARIES = YES;
				BUNDLE_LOADER = "$(TEST_HOST)";
				CODE_SIGN_STYLE = Automatic;
				COMBINE_HIDPI_IMAGES = YES;
				DEVELOPMENT_TEAM = 997PEV296P;
				INFOPLIST_FILE = TweetTests/Info.plist;
				LD_RUNPATH_SEARCH_PATHS = (
					"$(inherited)",
					"@executable_path/../Frameworks",
					"@loader_path/../Frameworks",
				);
				MACOSX_DEPLOYMENT_TARGET = 11.3;
				PRODUCT_BUNDLE_IDENTIFIER = Sora.TweetTests;
				PRODUCT_NAME = "$(TARGET_NAME)";
				SWIFT_VERSION = 5.0;
				TEST_HOST = "$(BUILT_PRODUCTS_DIR)/Tweet.app/Contents/MacOS/Tweet";
			};
			name = Debug;
		};
		97046F4726CE16C4008C40A1 /* Release */ = {
			isa = XCBuildConfiguration;
			buildSettings = {
				ALWAYS_EMBED_SWIFT_STANDARD_LIBRARIES = YES;
				BUNDLE_LOADER = "$(TEST_HOST)";
				CODE_SIGN_STYLE = Automatic;
				COMBINE_HIDPI_IMAGES = YES;
				DEVELOPMENT_TEAM = 997PEV296P;
				INFOPLIST_FILE = TweetTests/Info.plist;
				LD_RUNPATH_SEARCH_PATHS = (
					"$(inherited)",
					"@executable_path/../Frameworks",
					"@loader_path/../Frameworks",
				);
				MACOSX_DEPLOYMENT_TARGET = 11.3;
				PRODUCT_BUNDLE_IDENTIFIER = Sora.TweetTests;
				PRODUCT_NAME = "$(TARGET_NAME)";
				SWIFT_VERSION = 5.0;
				TEST_HOST = "$(BUILT_PRODUCTS_DIR)/Tweet.app/Contents/MacOS/Tweet";
			};
			name = Release;
		};
		97046F4926CE16C4008C40A1 /* Debug */ = {
			isa = XCBuildConfiguration;
			buildSettings = {
				ALWAYS_EMBED_SWIFT_STANDARD_LIBRARIES = YES;
				CODE_SIGN_STYLE = Automatic;
				COMBINE_HIDPI_IMAGES = YES;
				DEVELOPMENT_TEAM = 997PEV296P;
				INFOPLIST_FILE = TweetUITests/Info.plist;
				LD_RUNPATH_SEARCH_PATHS = (
					"$(inherited)",
					"@executable_path/../Frameworks",
					"@loader_path/../Frameworks",
				);
				PRODUCT_BUNDLE_IDENTIFIER = Sora.TweetUITests;
				PRODUCT_NAME = "$(TARGET_NAME)";
				SWIFT_VERSION = 5.0;
				TEST_TARGET_NAME = Tweet;
			};
			name = Debug;
		};
		97046F4A26CE16C4008C40A1 /* Release */ = {
			isa = XCBuildConfiguration;
			buildSettings = {
				ALWAYS_EMBED_SWIFT_STANDARD_LIBRARIES = YES;
				CODE_SIGN_STYLE = Automatic;
				COMBINE_HIDPI_IMAGES = YES;
				DEVELOPMENT_TEAM = 997PEV296P;
				INFOPLIST_FILE = TweetUITests/Info.plist;
				LD_RUNPATH_SEARCH_PATHS = (
					"$(inherited)",
					"@executable_path/../Frameworks",
					"@loader_path/../Frameworks",
				);
				PRODUCT_BUNDLE_IDENTIFIER = Sora.TweetUITests;
				PRODUCT_NAME = "$(TARGET_NAME)";
				SWIFT_VERSION = 5.0;
				TEST_TARGET_NAME = Tweet;
			};
			name = Release;
		};
/* End XCBuildConfiguration section */

/* Begin XCConfigurationList section */
		97046F1726CE16C2008C40A1 /* Build configuration list for PBXProject "Tweet" */ = {
			isa = XCConfigurationList;
			buildConfigurations = (
				97046F4026CE16C4008C40A1 /* Debug */,
				97046F4126CE16C4008C40A1 /* Release */,
			);
			defaultConfigurationIsVisible = 0;
			defaultConfigurationName = Release;
		};
		97046F4226CE16C4008C40A1 /* Build configuration list for PBXNativeTarget "Tweet" */ = {
			isa = XCConfigurationList;
			buildConfigurations = (
				97046F4326CE16C4008C40A1 /* Debug */,
				97046F4426CE16C4008C40A1 /* Release */,
			);
			defaultConfigurationIsVisible = 0;
			defaultConfigurationName = Release;
		};
		97046F4526CE16C4008C40A1 /* Build configuration list for PBXNativeTarget "TweetTests" */ = {
			isa = XCConfigurationList;
			buildConfigurations = (
				97046F4626CE16C4008C40A1 /* Debug */,
				97046F4726CE16C4008C40A1 /* Release */,
			);
			defaultConfigurationIsVisible = 0;
			defaultConfigurationName = Release;
		};
		97046F4826CE16C4008C40A1 /* Build configuration list for PBXNativeTarget "TweetUITests" */ = {
			isa = XCConfigurationList;
			buildConfigurations = (
				97046F4926CE16C4008C40A1 /* Debug */,
				97046F4A26CE16C4008C40A1 /* Release */,
			);
			defaultConfigurationIsVisible = 0;
			defaultConfigurationName = Release;
		};
/* End XCConfigurationList section */
	};
	rootObject = 97046F1426CE16C2008C40A1 /* Project object */;
}
